
Microsoft Visual Studio Solution File, Format Version 12.00
# Visual Studio Version 17
VisualStudioVersion = 17.14.36408.4 d17.14
MinimumVisualStudioVersion = 10.0.40219.1
Project("{FAE04EC0-301F-11D3-BF4B-00C04F79EFBC}") = "MedicalAppointmentSystem", "MedicalAppointmentSystem.csproj", "{3A76BC72-AB65-43BE-AC29-027AD2211BF1}"
EndProject
Global
	GlobalSection(SolutionConfigurationPlatforms) = preSolution
		Debug|Any CPU = Debug|Any CPU
		Release|Any CPU = Release|Any CPU
	EndGlobalSection
	GlobalSection(ProjectConfigurationPlatforms) = postSolution
		{3A76BC72-AB65-43BE-AC29-027AD2211BF1}.Debug|Any CPU.ActiveCfg = Debug|Any CPU
		{3A76BC72-AB65-43BE-AC29-027AD2211BF1}.Debug|Any CPU.Build.0 = Debug|Any CPU
		{3A76BC72-AB65-43BE-AC29-027AD2211BF1}.Release|Any CPU.ActiveCfg = Release|Any CPU
		{3A76BC72-AB65-43BE-AC29-027AD2211BF1}.Release|Any CPU.Build.0 = Release|Any CPU
	EndGlobalSection
	GlobalSection(SolutionProperties) = preSolution
		HideSolutionNode = FALSE
	EndGlobalSection
	GlobalSection(ExtensibilityGlobals) = postSolution
		SolutionGuid = {51339CE7-CE24-4CF2-A8F0-E550AEF68416}
	EndGlobalSection
EndGlobal
